
Microsoft Visual Studio Solution File, Format Version 12.00
Project("{FAE04EC0-301F-11D3-BF4B-00C04F79EFBC}") = "RogueLikeTutorial2021", "RogueLikeTutorial2021\RogueLikeTutorial2021.csproj", "{DB649EF7-3F60-4C77-B45E-FC5B4D77D73B}"
EndProject
Global
	GlobalSection(SolutionConfigurationPlatforms) = preSolution
		Debug|Any CPU = Debug|Any CPU
		Release|Any CPU = Release|Any CPU
	EndGlobalSection
	GlobalSection(ProjectConfigurationPlatforms) = postSolution
		{DB649EF7-3F60-4C77-B45E-FC5B4D77D73B}.Debug|Any CPU.ActiveCfg = Debug|Any CPU
		{DB649EF7-3F60-4C77-B45E-FC5B4D77D73B}.Debug|Any CPU.Build.0 = Debug|Any CPU
		{DB649EF7-3F60-4C77-B45E-FC5B4D77D73B}.Release|Any CPU.ActiveCfg = Release|Any CPU
		{DB649EF7-3F60-4C77-B45E-FC5B4D77D73B}.Release|Any CPU.Build.0 = Release|Any CPU
	EndGlobalSection
EndGlobal
